
Microsoft Visual Studio Solution File, Format Version 12.00
# Visual Studio Version 17
VisualStudioVersion = 17.0.31903.59
MinimumVisualStudioVersion = 10.0.40219.1
Project("{FAE04EC0-301F-11D3-BF4B-00C04F79EFBC}") = "Steepest_Descent", "Descent_Method\Steepest_Descent.csproj", "{58908BB6-DE3A-484A-BF6F-2E9B300292FE}"
EndProject
Project("{FAE04EC0-301F-11D3-BF4B-00C04F79EFBC}") = "Damped_Newton", "Damped_Newton\Damped_Newton.csproj", "{AF627232-E15C-45E0-ADEE-EAECAC93ED2D}"
EndProject
Project("{FAE04EC0-301F-11D3-BF4B-00C04F79EFBC}") = "Conjugate_Gradient", "Conjugate_Gradient\Conjugate_Gradient.csproj", "{E70B6F2D-F281-44A5-99D5-2D6947738BEE}"
EndProject
Project("{FAE04EC0-301F-11D3-BF4B-00C04F79EFBC}") = "TESTS", "TESTS\TESTS.csproj", "{DF80D3DA-6F16-41AC-B06A-5A7C78D6252B}"
EndProject
Project("{FAE04EC0-301F-11D3-BF4B-00C04F79EFBC}") = "Quasi_Newton", "Quasi_Newton\Quasi_Newton.csproj", "{7540701C-5010-4AF1-B7A2-7C3AECC5C4FF}"
EndProject
Global
	GlobalSection(SolutionConfigurationPlatforms) = preSolution
		Debug|Any CPU = Debug|Any CPU
		Release|Any CPU = Release|Any CPU
	EndGlobalSection
	GlobalSection(ProjectConfigurationPlatforms) = postSolution
		{58908BB6-DE3A-484A-BF6F-2E9B300292FE}.Debug|Any CPU.ActiveCfg = Debug|Any CPU
		{58908BB6-DE3A-484A-BF6F-2E9B300292FE}.Debug|Any CPU.Build.0 = Debug|Any CPU
		{58908BB6-DE3A-484A-BF6F-2E9B300292FE}.Release|Any CPU.ActiveCfg = Release|Any CPU
		{58908BB6-DE3A-484A-BF6F-2E9B300292FE}.Release|Any CPU.Build.0 = Release|Any CPU
		{AF627232-E15C-45E0-ADEE-EAECAC93ED2D}.Debug|Any CPU.ActiveCfg = Debug|Any CPU
		{AF627232-E15C-45E0-ADEE-EAECAC93ED2D}.Debug|Any CPU.Build.0 = Debug|Any CPU
		{AF627232-E15C-45E0-ADEE-EAECAC93ED2D}.Release|Any CPU.ActiveCfg = Release|Any CPU
		{AF627232-E15C-45E0-ADEE-EAECAC93ED2D}.Release|Any CPU.Build.0 = Release|Any CPU
		{E70B6F2D-F281-44A5-99D5-2D6947738BEE}.Debug|Any CPU.ActiveCfg = Debug|Any CPU
		{E70B6F2D-F281-44A5-99D5-2D6947738BEE}.Debug|Any CPU.Build.0 = Debug|Any CPU
		{E70B6F2D-F281-44A5-99D5-2D6947738BEE}.Release|Any CPU.ActiveCfg = Release|Any CPU
		{E70B6F2D-F281-44A5-99D5-2D6947738BEE}.Release|Any CPU.Build.0 = Release|Any CPU
		{DF80D3DA-6F16-41AC-B06A-5A7C78D6252B}.Debug|Any CPU.ActiveCfg = Debug|Any CPU
		{DF80D3DA-6F16-41AC-B06A-5A7C78D6252B}.Debug|Any CPU.Build.0 = Debug|Any CPU
		{DF80D3DA-6F16-41AC-B06A-5A7C78D6252B}.Release|Any CPU.ActiveCfg = Release|Any CPU
		{DF80D3DA-6F16-41AC-B06A-5A7C78D6252B}.Release|Any CPU.Build.0 = Release|Any CPU
		{7540701C-5010-4AF1-B7A2-7C3AECC5C4FF}.Debug|Any CPU.ActiveCfg = Debug|Any CPU
		{7540701C-5010-4AF1-B7A2-7C3AECC5C4FF}.Debug|Any CPU.Build.0 = Debug|Any CPU
		{7540701C-5010-4AF1-B7A2-7C3AECC5C4FF}.Release|Any CPU.ActiveCfg = Release|Any CPU
		{7540701C-5010-4AF1-B7A2-7C3AECC5C4FF}.Release|Any CPU.Build.0 = Release|Any CPU
	EndGlobalSection
	GlobalSection(SolutionProperties) = preSolution
		HideSolutionNode = FALSE
	EndGlobalSection
	GlobalSection(ExtensibilityGlobals) = postSolution
		SolutionGuid = {1FEE40D6-43C8-4C85-A478-5531BD435F9D}
	EndGlobalSection
EndGlobal
